
Microsoft Visual Studio Solution File, Format Version 12.00
# Visual Studio Version 16
VisualStudioVersion = 16.0.30320.27
MinimumVisualStudioVersion = 10.0.40219.1
Project("{9092AA53-FB77-4645-B42D-1CCCA6BD08BD}") = "PouetDiscordBot", "PouetDiscordBot.njsproj", "{592524D2-097D-41EE-8707-34DF125250FD}"
EndProject
Global
	GlobalSection(SolutionConfigurationPlatforms) = preSolution
		Debug|Any CPU = Debug|Any CPU
		Release|Any CPU = Release|Any CPU
	EndGlobalSection
	GlobalSection(ProjectConfigurationPlatforms) = postSolution
		{592524D2-097D-41EE-8707-34DF125250FD}.Debug|Any CPU.ActiveCfg = Debug|Any CPU
		{592524D2-097D-41EE-8707-34DF125250FD}.Debug|Any CPU.Build.0 = Debug|Any CPU
		{592524D2-097D-41EE-8707-34DF125250FD}.Release|Any CPU.ActiveCfg = Release|Any CPU
		{592524D2-097D-41EE-8707-34DF125250FD}.Release|Any CPU.Build.0 = Release|Any CPU
	EndGlobalSection
	GlobalSection(SolutionProperties) = preSolution
		HideSolutionNode = FALSE
	EndGlobalSection
	GlobalSection(ExtensibilityGlobals) = postSolution
		SolutionGuid = {022907EC-C237-46D4-84CF-DE4F8EBE3549}
	EndGlobalSection
EndGlobal
